<?xml version="1.0" encoding="utf-8"?>
<Project ToolsVersion="4.0" xmlns="http://schemas.microsoft.com/developer/msbuild/2003">
  <ItemGroup>
    <Filter Include="Resource Files">
      <UniqueIdentifier>{67DA6AB6-F800-4c08-8B7A-83BB121AAD01}</UniqueIdentifier>
      <Extensions>rc;ico;cur;bmp;dlg;rc2;rct;bin;rgs;gif;jpg;jpeg;jpe;resx;tiff;tif;png;wav;mfcribbon-ms</Extensions>
    </Filter>
    <Filter Include="Graph">
      <UniqueIdentifier>{6862448f-a4f3-4aea-8da8-8e75158f70d0}</UniqueIdentifier>
    </Filter>
    <Filter Include="Utility">
      <UniqueIdentifier>{7201c651-dd6b-41f6-85d3-600c519ca74a}</UniqueIdentifier>
    </Filter>
  </ItemGroup>
  <ItemGroup>
    <ClInclude Include="Graph.h">
      <Filter>Graph</Filter>
    </ClInclude>
    <ClInclude Include="Node.h">
      <Filter>Graph</Filter>
    </ClInclude>
    <ClInclude Include="Arch.h">
      <Filter>Graph</Filter>
    </ClInclude>
    <ClInclude Include="Random.h">
      <Filter>Utility</Filter>
    </ClInclude>
    <ClInclude Include="rapidxml.hpp">
      <Filter>Utility</Filter>
    </ClInclude>
    <ClInclude Include="rapidxml_iterators.hpp">
      <Filter>Utility</Filter>
    </ClInclude>
    <ClInclude Include="rapidxml_print.hpp">
      <Filter>Utility</Filter>
    </ClInclude>
    <ClInclude Include="rapidxml_utils.hpp">
      <Filter>Utility</Filter>
    </ClInclude>
    <ClInclude Include="Timer.h">
      <Filter>Utility</Filter>
    </ClInclude>
  </ItemGroup>
  <ItemGroup>
    <ClCompile Include="Node.cpp">
      <Filter>Graph</Filter>
    </ClCompile>
    <ClCompile Include="Arch.cpp">
      <Filter>Graph</Filter>
    </ClCompile>
    <ClCompile Include="Graph.cpp">
      <Filter>Graph</Filter>
    </ClCompile>
    <ClCompile Include="main.cpp" />
    <ClCompile Include="Random.cpp">
      <Filter>Utility</Filter>
    </ClCompile>
  </ItemGroup>
  <ItemGroup>
    <Xml Include="map2.xml">
      <Filter>Resource Files</Filter>
    </Xml>
    <Xml Include="test.xml">
      <Filter>Resource Files</Filter>
    </Xml>
  </ItemGroup>
</Project>